<?xml version="1.0" encoding="utf-8"?>
<Project ToolsVersion="4.0" xmlns="http://schemas.microsoft.com/developer/msbuild/2003">
  <ItemGroup>
    <Filter Include="Libraries">
      <UniqueIdentifier>{3ed3a349-c14b-458f-b7b5-6c78f5fee8d3}</UniqueIdentifier>
    </Filter>
    <Filter Include="Managers">
      <UniqueIdentifier>{736b3001-4189-4970-b7f8-bf17652401a5}</UniqueIdentifier>
    </Filter>
    <Filter Include="Engine Core">
      <UniqueIdentifier>{b93b544f-e8e8-4061-a975-7039b2c24e77}</UniqueIdentifier>
    </Filter>
    <Filter Include="Commands">
      <UniqueIdentifier>{e2e7977e-b3f5-487c-a14c-2fdf65cefa17}</UniqueIdentifier>
    </Filter>
    <Filter Include="Misc">
      <UniqueIdentifier>{4FC737F1-C7A5-4376-A066-2A32D752A2FF}</UniqueIdentifier>
      <Extensions>cpp;c;cc;cxx;def;odl;idl;hpj;bat;asm;asmx</Extensions>
    </Filter>
    <Filter Include="Audio">
      <UniqueIdentifier>{74ae30d8-2133-414f-b713-245d669a0892}</UniqueIdentifier>
    </Filter>
  </ItemGroup>
  <ItemGroup>
    <ClInclude Include="..\3rdParty\imgui\imconfig.h">
      <Filter>Libraries</Filter>
    </ClInclude>
    <ClInclude Include="..\3rdParty\imgui\imgui.h">
      <Filter>Libraries</Filter>
    </ClInclude>
    <ClInclude Include="..\3rdParty\imgui\backends\imgui_impl_opengl2.h">
      <Filter>Libraries</Filter>
    </ClInclude>
    <ClInclude Include="..\3rdParty\imgui\backends\imgui_impl_sdl.h">
      <Filter>Libraries</Filter>
    </ClInclude>
    <ClInclude Include="..\3rdParty\imgui\imgui_internal.h">
      <Filter>Libraries</Filter>
    </ClInclude>
    <ClInclude Include="..\3rdParty\imgui\imgui_plot.h">
      <Filter>Libraries</Filter>
    </ClInclude>
    <ClInclude Include="..\3rdParty\imgui\imstb_rectpack.h">
      <Filter>Libraries</Filter>
    </ClInclude>
    <ClInclude Include="..\3rdParty\imgui\imstb_textedit.h">
      <Filter>Libraries</Filter>
    </ClInclude>
    <ClInclude Include="..\3rdParty\imgui\imstb_truetype.h">
      <Filter>Libraries</Filter>
    </ClInclude>
    <ClInclude Include="InputManager.h">
      <Filter>Managers</Filter>
    </ClInclude>
    <ClInclude Include="ResourceManager.h">
      <Filter>Managers</Filter>
    </ClInclude>
    <ClInclude Include="Renderer.h">
      <Filter>Engine Core</Filter>
    </ClInclude>
    <ClInclude Include="Minigin.h">
      <Filter>Engine Core</Filter>
    </ClInclude>
    <ClInclude Include="SceneManager.h">
      <Filter>Managers</Filter>
    </ClInclude>
    <ClInclude Include="Command.h">
      <Filter>Commands</Filter>
    </ClInclude>
    <ClInclude Include="Texture2D.h">
      <Filter>Misc</Filter>
    </ClInclude>
    <ClInclude Include="Scene.h">
      <Filter>Misc</Filter>
    </ClInclude>
    <ClInclude Include="GameObject.h">
      <Filter>Misc</Filter>
    </ClInclude>
    <ClInclude Include="Transform.h">
      <Filter>Misc</Filter>
    </ClInclude>
    <ClInclude Include="Font.h">
      <Filter>Misc</Filter>
    </ClInclude>
    <ClInclude Include="Input.h">
      <Filter>Misc</Filter>
    </ClInclude>
    <ClInclude Include="Singleton.h">
      <Filter>Misc</Filter>
    </ClInclude>
    <ClInclude Include="XboxController.h">
      <Filter>Misc</Filter>
    </ClInclude>
    <ClInclude Include="Shape.h">
      <Filter>Misc</Filter>
    </ClInclude>
    <ClInclude Include="Logger.h" />
    <ClInclude Include="Component.h" />
    <ClInclude Include="AudioBase.h">
      <Filter>Audio</Filter>
    </ClInclude>
    <ClInclude Include="CyclicBuffer.h" />
    <ClInclude Include="Audio.h">
      <Filter>Audio</Filter>
    </ClInclude>
  </ItemGroup>
  <ItemGroup>
    <ClCompile Include="Texture2D.cpp">
      <Filter>Misc</Filter>
    </ClCompile>
    <ClCompile Include="GameObject.cpp">
      <Filter>Misc</Filter>
    </ClCompile>
    <ClCompile Include="Transform.cpp">
      <Filter>Misc</Filter>
    </ClCompile>
    <ClCompile Include="Scene.cpp">
      <Filter>Misc</Filter>
    </ClCompile>
    <ClCompile Include="Font.cpp">
      <Filter>Misc</Filter>
    </ClCompile>
    <ClCompile Include="XboxController.cpp">
      <Filter>Misc</Filter>
    </ClCompile>
    <ClCompile Include="Input.cpp">
      <Filter>Misc</Filter>
    </ClCompile>
    <ClCompile Include="Minigin.cpp">
      <Filter>Engine Core</Filter>
    </ClCompile>
    <ClCompile Include="Renderer.cpp">
      <Filter>Engine Core</Filter>
    </ClCompile>
    <ClCompile Include="ResourceManager.cpp">
      <Filter>Managers</Filter>
    </ClCompile>
    <ClCompile Include="..\3rdParty\imgui\imgui_widgets.cpp">
      <Filter>Libraries</Filter>
    </ClCompile>
    <ClCompile Include="..\3rdParty\imgui\imgui.cpp">
      <Filter>Libraries</Filter>
    </ClCompile>
    <ClCompile Include="..\3rdParty\imgui\imgui_demo.cpp">
      <Filter>Libraries</Filter>
    </ClCompile>
    <ClCompile Include="..\3rdParty\imgui\imgui_draw.cpp">
      <Filter>Libraries</Filter>
    </ClCompile>
    <ClCompile Include="..\3rdParty\imgui\backends\imgui_impl_opengl2.cpp">
      <Filter>Libraries</Filter>
    </ClCompile>
    <ClCompile Include="..\3rdParty\imgui\backends\imgui_impl_sdl.cpp">
      <Filter>Libraries</Filter>
    </ClCompile>
    <ClCompile Include="..\3rdParty\imgui\imgui_plot.cpp">
      <Filter>Libraries</Filter>
    </ClCompile>
    <ClCompile Include="..\3rdParty\imgui\imgui_tables.cpp">
      <Filter>Libraries</Filter>
    </ClCompile>
    <ClCompile Include="InputManager.cpp">
      <Filter>Managers</Filter>
    </ClCompile>
    <ClCompile Include="SceneManager.cpp">
      <Filter>Managers</Filter>
    </ClCompile>
    <ClCompile Include="Shape.cpp">
      <Filter>Misc</Filter>
    </ClCompile>
    <ClCompile Include="Locator.cpp">
      <Filter>Misc</Filter>
    </ClCompile>
    <ClCompile Include="Audio.cpp">
      <Filter>Audio</Filter>
    </ClCompile>
  </ItemGroup>
  <ItemGroup>
    <None Include="Locator.h">
      <Filter>Misc</Filter>
    </None>
  </ItemGroup>
</Project>