<?xml version="1.0" encoding="utf-8"?>
<Project ToolsVersion="4.0" xmlns="http://schemas.microsoft.com/developer/msbuild/2003">
  <ItemGroup>
    <Filter Include="Libraries">
      <UniqueIdentifier>{3ed3a349-c14b-458f-b7b5-6c78f5fee8d3}</UniqueIdentifier>
    </Filter>
    <Filter Include="Managers">
      <UniqueIdentifier>{736b3001-4189-4970-b7f8-bf17652401a5}</UniqueIdentifier>
    </Filter>
    <Filter Include="Engine Core">
      <UniqueIdentifier>{b93b544f-e8e8-4061-a975-7039b2c24e77}</UniqueIdentifier>
    </Filter>
    <Filter Include="Commands">
      <UniqueIdentifier>{e2e7977e-b3f5-487c-a14c-2fdf65cefa17}</UniqueIdentifier>
    </Filter>
    <Filter Include="Misc">
      <UniqueIdentifier>{4FC737F1-C7A5-4376-A066-2A32D752A2FF}</UniqueIdentifier>
      <Extensions>cpp;c;cc;cxx;def;odl;idl;hpj;bat;asm;asmx</Extensions>
    </Filter>
    <Filter Include="Audio">
      <UniqueIdentifier>{74ae30d8-2133-414f-b713-245d669a0892}</UniqueIdentifier>
    </Filter>
  </ItemGroup>
  <ItemGroup>
    <ClInclude Include="..\3rdParty\imgui\imconfig.h">
      <Filter>Libraries</Filter>
    </ClInclude>
    <ClInclude Include="..\3rdParty\imgui\imgui.h">
      <Filter>Libraries</Filter>
    </ClInclude>
    <ClInclude Include="..\3rdParty\imgui\backends\imgui_impl_opengl2.h">
      <Filter>Libraries</Filter>
    </ClInclude>
    <ClInclude Include="..\3rdParty\imgui\backends\imgui_impl_sdl.h">
      <Filter>Libraries</Filter>
    </ClInclude>
    <ClInclude Include="..\3rdParty\imgui\imgui_internal.h">
      <Filter>Libraries</Filter>
    </ClInclude>
    <ClInclude Include="..\3rdParty\imgui\imgui_plot.h">
      <Filter>Libraries</Filter>
    </ClInclude>
    <ClInclude Include="..\3rdParty\imgui\imstb_rectpack.h">
      <Filter>Libraries</Filter>
    </ClInclude>
    <ClInclude Include="..\3rdParty\imgui\imstb_textedit.h">
      <Filter>Libraries</Filter>
    </ClInclude>
    <ClInclude Include="..\3rdParty\imgui\imstb_truetype.h">
      <Filter>Libraries</Filter>
    </ClInclude>
    <ClInclude Include="Utils\Utils.h" />
    <ClInclude Include="Audio\Audio.h" />
    <ClInclude Include="Audio\AudioBase.h" />
    <ClInclude Include="Command\Command.h" />
    <ClInclude Include="Controls\Keyboard.h" />
    <ClInclude Include="Controls\KeyState.h" />
    <ClInclude Include="Controls\KeyStructs.h" />
    <ClInclude Include="Controls\XboxController.h" />
    <ClInclude Include="EngineCore\Minigin.h" />
    <ClInclude Include="EngineCore\Renderer.h" />
    <ClInclude Include="Managers\InputManager.h" />
    <ClInclude Include="Managers\ResourceManager.h" />
    <ClInclude Include="Managers\SceneManager.h" />
    <ClInclude Include="Misc\Component.h" />
    <ClInclude Include="Misc\CyclicBuffer.h" />
    <ClInclude Include="Misc\Event.h" />
    <ClInclude Include="Misc\Font.h" />
    <ClInclude Include="Misc\GameObject.h" />
    <ClInclude Include="Misc\Locator.h" />
    <ClInclude Include="Misc\Logger.h" />
    <ClInclude Include="Misc\Observer.h" />
    <ClInclude Include="Misc\Scene.h" />
    <ClInclude Include="Misc\Shape.h" />
    <ClInclude Include="Misc\Singleton.h" />
    <ClInclude Include="Misc\Subject.h" />
    <ClInclude Include="Misc\Texture2D.h" />
    <ClInclude Include="Misc\Transform.h" />
  </ItemGroup>
  <ItemGroup>
    <ClCompile Include="..\3rdParty\imgui\imgui_widgets.cpp">
      <Filter>Libraries</Filter>
    </ClCompile>
    <ClCompile Include="..\3rdParty\imgui\imgui.cpp">
      <Filter>Libraries</Filter>
    </ClCompile>
    <ClCompile Include="..\3rdParty\imgui\imgui_demo.cpp">
      <Filter>Libraries</Filter>
    </ClCompile>
    <ClCompile Include="..\3rdParty\imgui\imgui_draw.cpp">
      <Filter>Libraries</Filter>
    </ClCompile>
    <ClCompile Include="..\3rdParty\imgui\backends\imgui_impl_opengl2.cpp">
      <Filter>Libraries</Filter>
    </ClCompile>
    <ClCompile Include="..\3rdParty\imgui\backends\imgui_impl_sdl.cpp">
      <Filter>Libraries</Filter>
    </ClCompile>
    <ClCompile Include="..\3rdParty\imgui\imgui_plot.cpp">
      <Filter>Libraries</Filter>
    </ClCompile>
    <ClCompile Include="..\3rdParty\imgui\imgui_tables.cpp">
      <Filter>Libraries</Filter>
    </ClCompile>
    <ClCompile Include="Audio\Audio.cpp">
      <Filter>Misc</Filter>
    </ClCompile>
    <ClCompile Include="Controls\Keyboard.cpp">
      <Filter>Misc</Filter>
    </ClCompile>
    <ClCompile Include="Controls\XboxController.cpp">
      <Filter>Misc</Filter>
    </ClCompile>
    <ClCompile Include="EngineCore\Minigin.cpp">
      <Filter>Misc</Filter>
    </ClCompile>
    <ClCompile Include="EngineCore\Renderer.cpp">
      <Filter>Misc</Filter>
    </ClCompile>
    <ClCompile Include="Managers\InputManager.cpp">
      <Filter>Misc</Filter>
    </ClCompile>
    <ClCompile Include="Managers\ResourceManager.cpp">
      <Filter>Misc</Filter>
    </ClCompile>
    <ClCompile Include="Managers\SceneManager.cpp">
      <Filter>Misc</Filter>
    </ClCompile>
    <ClCompile Include="Misc\Font.cpp">
      <Filter>Misc</Filter>
    </ClCompile>
    <ClCompile Include="Misc\GameObject.cpp">
      <Filter>Misc</Filter>
    </ClCompile>
    <ClCompile Include="Misc\Locator.cpp">
      <Filter>Misc</Filter>
    </ClCompile>
    <ClCompile Include="Misc\Scene.cpp">
      <Filter>Misc</Filter>
    </ClCompile>
    <ClCompile Include="Misc\Texture2D.cpp">
      <Filter>Misc</Filter>
    </ClCompile>
    <ClCompile Include="Misc\Transform.cpp">
      <Filter>Misc</Filter>
    </ClCompile>
  </ItemGroup>
</Project>